
Microsoft Visual Studio Solution File, Format Version 12.00
# Visual Studio 2012
Project("{D954291E-2A0B-460D-934E-DC6B0785DB48}") = "XamarinAndroidForms", "XamarinAndroidForms\XamarinAndroidForms.shproj", "{E51CFA45-F89C-40AE-82B5-8D4A0082F480}"
EndProject
Project("{FAE04EC0-301F-11D3-BF4B-00C04F79EFBC}") = "XamarinAndroidForms.Droid", "Droid\XamarinAndroidForms.Droid.csproj", "{D4D6F9E5-5F51-4AF2-A6C1-9CD556CE50AD}"
EndProject
Global
	GlobalSection(SolutionConfigurationPlatforms) = preSolution
		Debug|Any CPU = Debug|Any CPU
		Release|Any CPU = Release|Any CPU
	EndGlobalSection
	GlobalSection(ProjectConfigurationPlatforms) = postSolution
		{D4D6F9E5-5F51-4AF2-A6C1-9CD556CE50AD}.Debug|Any CPU.ActiveCfg = Debug|Any CPU
		{D4D6F9E5-5F51-4AF2-A6C1-9CD556CE50AD}.Debug|Any CPU.Build.0 = Debug|Any CPU
		{D4D6F9E5-5F51-4AF2-A6C1-9CD556CE50AD}.Release|Any CPU.ActiveCfg = Release|Any CPU
		{D4D6F9E5-5F51-4AF2-A6C1-9CD556CE50AD}.Release|Any CPU.Build.0 = Release|Any CPU
	EndGlobalSection
EndGlobal
