
Microsoft Visual Studio Solution File, Format Version 12.00
# Visual Studio 2012
Project("{FAE04EC0-301F-11D3-BF4B-00C04F79EFBC}") = "XamarinAndroidApp", "XamarinAndroidApp\XamarinAndroidApp.csproj", "{4CBAD073-38A6-455A-B961-F481CCE2228A}"
EndProject
Global
	GlobalSection(SolutionConfigurationPlatforms) = preSolution
		Debug|Any CPU = Debug|Any CPU
		Release|Any CPU = Release|Any CPU
	EndGlobalSection
	GlobalSection(ProjectConfigurationPlatforms) = postSolution
		{4CBAD073-38A6-455A-B961-F481CCE2228A}.Debug|Any CPU.ActiveCfg = Debug|Any CPU
		{4CBAD073-38A6-455A-B961-F481CCE2228A}.Debug|Any CPU.Build.0 = Debug|Any CPU
		{4CBAD073-38A6-455A-B961-F481CCE2228A}.Release|Any CPU.ActiveCfg = Release|Any CPU
		{4CBAD073-38A6-455A-B961-F481CCE2228A}.Release|Any CPU.Build.0 = Release|Any CPU
	EndGlobalSection
EndGlobal
